
Microsoft Visual Studio Solution File, Format Version 12.00
# Visual Studio Version 17
VisualStudioVersion = 17.11.35303.130
MinimumVisualStudioVersion = 10.0.40219.1
Project("{9A19103F-16F7-4668-BE54-9A1E7A4F7556}") = "UserService", "UserService\UserService.csproj", "{9437B531-EF59-4709-8A23-6EB868B62651}"
EndProject
Project("{9A19103F-16F7-4668-BE54-9A1E7A4F7556}") = "TransactionService", "TransactionService\TransactionService.csproj", "{DF9469DB-3FEA-4EC5-A2B0-BAD2FDC0221E}"
EndProject
Project("{9A19103F-16F7-4668-BE54-9A1E7A4F7556}") = "ReportService", "ReportService\ReportService.csproj", "{0E77D118-93AC-4A94-BDFD-C72ED3891F08}"
EndProject
Project("{9A19103F-16F7-4668-BE54-9A1E7A4F7556}") = "SharedLibrary", "SharedLibrary\SharedLibrary.csproj", "{F3DE7E6E-4DDC-4B4F-B098-23992D4A247D}"
EndProject
Global
	GlobalSection(SolutionConfigurationPlatforms) = preSolution
		Debug|Any CPU = Debug|Any CPU
		Release|Any CPU = Release|Any CPU
	EndGlobalSection
	GlobalSection(ProjectConfigurationPlatforms) = postSolution
		{9437B531-EF59-4709-8A23-6EB868B62651}.Debug|Any CPU.ActiveCfg = Debug|Any CPU
		{9437B531-EF59-4709-8A23-6EB868B62651}.Debug|Any CPU.Build.0 = Debug|Any CPU
		{9437B531-EF59-4709-8A23-6EB868B62651}.Release|Any CPU.ActiveCfg = Release|Any CPU
		{9437B531-EF59-4709-8A23-6EB868B62651}.Release|Any CPU.Build.0 = Release|Any CPU
		{DF9469DB-3FEA-4EC5-A2B0-BAD2FDC0221E}.Debug|Any CPU.ActiveCfg = Debug|Any CPU
		{DF9469DB-3FEA-4EC5-A2B0-BAD2FDC0221E}.Debug|Any CPU.Build.0 = Debug|Any CPU
		{DF9469DB-3FEA-4EC5-A2B0-BAD2FDC0221E}.Release|Any CPU.ActiveCfg = Release|Any CPU
		{DF9469DB-3FEA-4EC5-A2B0-BAD2FDC0221E}.Release|Any CPU.Build.0 = Release|Any CPU
		{0E77D118-93AC-4A94-BDFD-C72ED3891F08}.Debug|Any CPU.ActiveCfg = Debug|Any CPU
		{0E77D118-93AC-4A94-BDFD-C72ED3891F08}.Debug|Any CPU.Build.0 = Debug|Any CPU
		{0E77D118-93AC-4A94-BDFD-C72ED3891F08}.Release|Any CPU.ActiveCfg = Release|Any CPU
		{0E77D118-93AC-4A94-BDFD-C72ED3891F08}.Release|Any CPU.Build.0 = Release|Any CPU
		{F3DE7E6E-4DDC-4B4F-B098-23992D4A247D}.Debug|Any CPU.ActiveCfg = Debug|Any CPU
		{F3DE7E6E-4DDC-4B4F-B098-23992D4A247D}.Debug|Any CPU.Build.0 = Debug|Any CPU
		{F3DE7E6E-4DDC-4B4F-B098-23992D4A247D}.Release|Any CPU.ActiveCfg = Release|Any CPU
		{F3DE7E6E-4DDC-4B4F-B098-23992D4A247D}.Release|Any CPU.Build.0 = Release|Any CPU
	EndGlobalSection
	GlobalSection(SolutionProperties) = preSolution
		HideSolutionNode = FALSE
	EndGlobalSection
	GlobalSection(ExtensibilityGlobals) = postSolution
		SolutionGuid = {7CC20F47-0B57-436D-BAF9-F67C55A40620}
	EndGlobalSection
EndGlobal
